
Microsoft Visual Studio Solution File, Format Version 12.00
# Visual Studio Version 16
VisualStudioVersion = 16.0.29911.84
MinimumVisualStudioVersion = 10.0.40219.1
Project("{FAE04EC0-301F-11D3-BF4B-00C04F79EFBC}") = "Mp4ToMp3Convertor", "Mp4ToMp3Convertor\Mp4ToMp3Convertor.csproj", "{EC77A5A3-4B65-473B-8E12-F85DBBC436EA}"
EndProject
Global
	GlobalSection(SolutionConfigurationPlatforms) = preSolution
		Debug|Any CPU = Debug|Any CPU
		Release|Any CPU = Release|Any CPU
	EndGlobalSection
	GlobalSection(ProjectConfigurationPlatforms) = postSolution
		{EC77A5A3-4B65-473B-8E12-F85DBBC436EA}.Debug|Any CPU.ActiveCfg = Debug|Any CPU
		{EC77A5A3-4B65-473B-8E12-F85DBBC436EA}.Debug|Any CPU.Build.0 = Debug|Any CPU
		{EC77A5A3-4B65-473B-8E12-F85DBBC436EA}.Release|Any CPU.ActiveCfg = Release|Any CPU
		{EC77A5A3-4B65-473B-8E12-F85DBBC436EA}.Release|Any CPU.Build.0 = Release|Any CPU
	EndGlobalSection
	GlobalSection(SolutionProperties) = preSolution
		HideSolutionNode = FALSE
	EndGlobalSection
	GlobalSection(ExtensibilityGlobals) = postSolution
		SolutionGuid = {8B7220CC-E5F1-48BD-9CD9-E543B16810C2}
	EndGlobalSection
EndGlobal
